
Microsoft Visual Studio Solution File, Format Version 12.00
# Visual Studio Version 16
VisualStudioVersion = 16.0.31424.327
MinimumVisualStudioVersion = 10.0.40219.1
Project("{9A19103F-16F7-4668-BE54-9A1E7A4F7556}") = "TrashPandaSite", "TrashPandaSite\TrashPandaSite.csproj", "{C52BC8CA-5011-407B-84C6-878C165703B4}"
EndProject
Project("{9A19103F-16F7-4668-BE54-9A1E7A4F7556}") = "TriteUtilities", "..\TriteUtilities\TriteUtilities\TriteUtilities.csproj", "{04A55983-589B-4B83-B7DB-C8C338BF03E9}"
EndProject
Global
	GlobalSection(SolutionConfigurationPlatforms) = preSolution
		Debug|Any CPU = Debug|Any CPU
		Release|Any CPU = Release|Any CPU
	EndGlobalSection
	GlobalSection(ProjectConfigurationPlatforms) = postSolution
		{C52BC8CA-5011-407B-84C6-878C165703B4}.Debug|Any CPU.ActiveCfg = Debug|Any CPU
		{C52BC8CA-5011-407B-84C6-878C165703B4}.Debug|Any CPU.Build.0 = Debug|Any CPU
		{C52BC8CA-5011-407B-84C6-878C165703B4}.Release|Any CPU.ActiveCfg = Release|Any CPU
		{C52BC8CA-5011-407B-84C6-878C165703B4}.Release|Any CPU.Build.0 = Release|Any CPU
		{04A55983-589B-4B83-B7DB-C8C338BF03E9}.Debug|Any CPU.ActiveCfg = Debug|Any CPU
		{04A55983-589B-4B83-B7DB-C8C338BF03E9}.Debug|Any CPU.Build.0 = Debug|Any CPU
		{04A55983-589B-4B83-B7DB-C8C338BF03E9}.Release|Any CPU.ActiveCfg = Release|Any CPU
		{04A55983-589B-4B83-B7DB-C8C338BF03E9}.Release|Any CPU.Build.0 = Release|Any CPU
	EndGlobalSection
	GlobalSection(SolutionProperties) = preSolution
		HideSolutionNode = FALSE
	EndGlobalSection
	GlobalSection(ExtensibilityGlobals) = postSolution
		SolutionGuid = {94AC9D89-D4D6-4400-8B8C-9B922232DDD3}
	EndGlobalSection
EndGlobal
